Microsoft Visual Studio Solution File, Format Version 12.00
# Visual Studio 15
VisualStudioVersion = 15.0.26730.15
MinimumVisualStudioVersion = 15.0.26124.0
Project("{9A19103F-16F7-4668-BE54-9A1E7A4F7556}") = "Badger.Data", "Badger.Data\Badger.Data.csproj", "{DC00C819-6595-4663-94F7-5CC4D6860FA0}"
EndProject
Project("{9A19103F-16F7-4668-BE54-9A1E7A4F7556}") = "Badger.Data.Tests", "Badger.Data.Tests\Badger.Data.Tests.csproj", "{90A79412-381D-40AC-824F-34F5C759D71E}"
EndProject
Global
	GlobalSection(SolutionConfigurationPlatforms) = preSolution
		Debug|Any CPU = Debug|Any CPU
		Debug|x64 = Debug|x64
		Debug|x86 = Debug|x86
		Release|Any CPU = Release|Any CPU
		Release|x64 = Release|x64
		Release|x86 = Release|x86
	EndGlobalSection
	GlobalSection(ProjectConfigurationPlatforms) = postSolution
		{DC00C819-6595-4663-94F7-5CC4D6860FA0}.Debug|Any CPU.ActiveCfg = Debug|Any CPU
		{DC00C819-6595-4663-94F7-5CC4D6860FA0}.Debug|Any CPU.Build.0 = Debug|Any CPU
		{DC00C819-6595-4663-94F7-5CC4D6860FA0}.Debug|x64.ActiveCfg = Debug|Any CPU
		{DC00C819-6595-4663-94F7-5CC4D6860FA0}.Debug|x64.Build.0 = Debug|Any CPU
		{DC00C819-6595-4663-94F7-5CC4D6860FA0}.Debug|x86.ActiveCfg = Debug|Any CPU
		{DC00C819-6595-4663-94F7-5CC4D6860FA0}.Debug|x86.Build.0 = Debug|Any CPU
		{DC00C819-6595-4663-94F7-5CC4D6860FA0}.Release|Any CPU.ActiveCfg = Release|Any CPU
		{DC00C819-6595-4663-94F7-5CC4D6860FA0}.Release|Any CPU.Build.0 = Release|Any CPU
		{DC00C819-6595-4663-94F7-5CC4D6860FA0}.Release|x64.ActiveCfg = Release|Any CPU
		{DC00C819-6595-4663-94F7-5CC4D6860FA0}.Release|x64.Build.0 = Release|Any CPU
		{DC00C819-6595-4663-94F7-5CC4D6860FA0}.Release|x86.ActiveCfg = Release|Any CPU
		{DC00C819-6595-4663-94F7-5CC4D6860FA0}.Release|x86.Build.0 = Release|Any CPU
		{90A79412-381D-40AC-824F-34F5C759D71E}.Debug|Any CPU.ActiveCfg = Debug|Any CPU
		{90A79412-381D-40AC-824F-34F5C759D71E}.Debug|Any CPU.Build.0 = Debug|Any CPU
		{90A79412-381D-40AC-824F-34F5C759D71E}.Debug|x64.ActiveCfg = Debug|Any CPU
		{90A79412-381D-40AC-824F-34F5C759D71E}.Debug|x64.Build.0 = Debug|Any CPU
		{90A79412-381D-40AC-824F-34F5C759D71E}.Debug|x86.ActiveCfg = Debug|Any CPU
		{90A79412-381D-40AC-824F-34F5C759D71E}.Debug|x86.Build.0 = Debug|Any CPU
		{90A79412-381D-40AC-824F-34F5C759D71E}.Release|Any CPU.ActiveCfg = Release|Any CPU
		{90A79412-381D-40AC-824F-34F5C759D71E}.Release|Any CPU.Build.0 = Release|Any CPU
		{90A79412-381D-40AC-824F-34F5C759D71E}.Release|x64.ActiveCfg = Release|Any CPU
		{90A79412-381D-40AC-824F-34F5C759D71E}.Release|x64.Build.0 = Release|Any CPU
		{90A79412-381D-40AC-824F-34F5C759D71E}.Release|x86.ActiveCfg = Release|Any CPU
		{90A79412-381D-40AC-824F-34F5C759D71E}.Release|x86.Build.0 = Release|Any CPU
	EndGlobalSection
	GlobalSection(SolutionProperties) = preSolution
		HideSolutionNode = FALSE
	EndGlobalSection
	GlobalSection(ExtensibilityGlobals) = postSolution
		SolutionGuid = {FA4A8B18-4C83-4FD0-B498-1F8C36937597}
	EndGlobalSection
EndGlobal
